
Microsoft Visual Studio Solution File, Format Version 12.00
# Visual Studio Version 16
VisualStudioVersion = 16.0.30114.105
MinimumVisualStudioVersion = 10.0.40219.1
Project("{FAE04EC0-301F-11D3-BF4B-00C04F79EFBC}") = "ProtobufNetExample", "ProtobufNetExample\ProtobufNetExample.csproj", "{3D7110E0-4F3C-4296-A6FE-358CAC5343DA}"
EndProject
Global
	GlobalSection(SolutionConfigurationPlatforms) = preSolution
		Debug|Any CPU = Debug|Any CPU
		Release|Any CPU = Release|Any CPU
	EndGlobalSection
	GlobalSection(ProjectConfigurationPlatforms) = postSolution
		{3D7110E0-4F3C-4296-A6FE-358CAC5343DA}.Debug|Any CPU.ActiveCfg = Debug|Any CPU
		{3D7110E0-4F3C-4296-A6FE-358CAC5343DA}.Debug|Any CPU.Build.0 = Debug|Any CPU
		{3D7110E0-4F3C-4296-A6FE-358CAC5343DA}.Release|Any CPU.ActiveCfg = Release|Any CPU
		{3D7110E0-4F3C-4296-A6FE-358CAC5343DA}.Release|Any CPU.Build.0 = Release|Any CPU
	EndGlobalSection
	GlobalSection(SolutionProperties) = preSolution
		HideSolutionNode = FALSE
	EndGlobalSection
	GlobalSection(ExtensibilityGlobals) = postSolution
		SolutionGuid = {ACD7EB19-4DE9-4965-B974-A284B8C36C0E}
	EndGlobalSection
EndGlobal
